// !$*UTF8*$!
{
	archiveVersion = 1;
	classes = {
	};
	objectVersion = 46;
	objects = {

/* Begin PBXBuildFile section */
		6D533C551C657BD5008C338A /* Default@2x.png in Resources */ = {isa = PBXBuildFile; fileRef = 6D533C541C657BD5008C338A /* Default@2x.png */; };
		6D533C571C657E71008C338A /* morning-coffee-40-photos-7.jpg in Resources */ = {isa = PBXBuildFile; fileRef = 6D533C561C657E71008C338A /* morning-coffee-40-photos-7.jpg */; };
		6D533C591C667141008C338A /* facbooklogin.png in Resources */ = {isa = PBXBuildFile; fileRef = 6D533C581C667141008C338A /* facbooklogin.png */; };
		6DDAF92C1C652B22006C4C78 /* AppDelegate.swift in Sources */ = {isa = PBXBuildFile; fileRef = 6DDAF92B1C652B22006C4C78 /* AppDelegate.swift */; };
		6DDAF9331C652B22006C4C78 /* Main.storyboard in Resources */ = {isa = PBXBuildFile; fileRef = 6DDAF9311C652B22006C4C78 /* Main.storyboard */; };
		6DDAF9351C652B22006C4C78 /* Assets.xcassets in Resources */ = {isa = PBXBuildFile; fileRef = 6DDAF9341C652B22006C4C78 /* Assets.xcassets */; };
		6DDAF9381C652B22006C4C78 /* LaunchScreen.storyboard in Resources */ = {isa = PBXBuildFile; fileRef = 6DDAF9361C652B22006C4C78 /* LaunchScreen.storyboard */; };
		6DDAF9431C652B22006C4C78 /* FitCatTests.swift in Sources */ = {isa = PBXBuildFile; fileRef = 6DDAF9421C652B22006C4C78 /* FitCatTests.swift */; };
		6DDAF94E1C652B22006C4C78 /* FitCatUITests.swift in Sources */ = {isa = PBXBuildFile; fileRef = 6DDAF94D1C652B22006C4C78 /* FitCatUITests.swift */; };
/* End PBXBuildFile section */

/* Begin PBXContainerItemProxy section */
		6DDAF93F1C652B22006C4C78 /* PBXContainerItemProxy */ = {
			isa = PBXContainerItemProxy;
			containerPortal = 6DDAF9201C652B21006C4C78 /* Project object */;
			proxyType = 1;
			remoteGlobalIDString = 6DDAF9271C652B21006C4C78;
			remoteInfo = FitCat;
		};
		6DDAF94A1C652B22006C4C78 /* PBXContainerItemProxy */ = {
			isa = PBXContainerItemProxy;
			containerPortal = 6DDAF9201C652B21006C4C78 /* Project object */;
			proxyType = 1;
			remoteGlobalIDString = 6DDAF9271C652B21006C4C78;
			remoteInfo = FitCat;
		};
/* End PBXContainerItemProxy section */

/* Begin PBXFileReference section */
		6D533C541C657BD5008C338A /* Default@2x.png */ = {isa = PBXFileReference; lastKnownFileType = image.png; name = "Default@2x.png"; path = "../Default@2x.png"; sourceTree = "<group>"; };
		6D533C561C657E71008C338A /* morning-coffee-40-photos-7.jpg */ = {isa = PBXFileReference; lastKnownFileType = image.jpeg; name = "morning-coffee-40-photos-7.jpg"; path = "../morning-coffee-40-photos-7.jpg"; sourceTree = "<group>"; };
		6D533C581C667141008C338A /* facbooklogin.png */ = {isa = PBXFileReference; lastKnownFileType = image.png; path = facbooklogin.png; sourceTree = "<group>"; };
		6DDAF9281C652B21006C4C78 /* FitCat.app */ = {isa = PBXFileReference; explicitFileType = wrapper.application; includeInIndex = 0; path = FitCat.app; sourceTree = BUILT_PRODUCTS_DIR; };
		6DDAF92B1C652B22006C4C78 /* AppDelegate.swift */ = {isa = PBXFileReference; lastKnownFileType = sourcecode.swift; path = AppDelegate.swift; sourceTree = "<group>"; };
		6DDAF9321C652B22006C4C78 /* Base */ = {isa = PBXFileReference; lastKnownFileType = file.storyboard; name = Base; path = Base.lproj/Main.storyboard; sourceTree = "<group>"; };
		6DDAF9341C652B22006C4C78 /* Assets.xcassets */ = {isa = PBXFileReference; lastKnownFileType = folder.assetcatalog; path = Assets.xcassets; sourceTree = "<group>"; };
		6DDAF9371C652B22006C4C78 /* Base */ = {isa = PBXFileReference; lastKnownFileType = file.storyboard; name = Base; path = Base.lproj/LaunchScreen.storyboard; sourceTree = "<group>"; };
		6DDAF9391C652B22006C4C78 /* Info.plist */ = {isa = PBXFileReference; lastKnownFileType = text.plist.xml; path = Info.plist; sourceTree = "<group>"; };
		6DDAF93E1C652B22006C4C78 /* FitCatTests.xctest */ = {isa = PBXFileReference; explicitFileType = wrapper.cfbundle; includeInIndex = 0; path = FitCatTests.xctest; sourceTree = BUILT_PRODUCTS_DIR; };
		6DDAF9421C652B22006C4C78 /* FitCatTests.swift */ = {isa = PBXFileReference; lastKnownFileType = sourcecode.swift; path = FitCatTests.swift; sourceTree = "<group>"; };
		6DDAF9441C652B22006C4C78 /* Info.plist */ = {isa = PBXFileReference; lastKnownFileType = text.plist.xml; path = Info.plist; sourceTree = "<group>"; };
		6DDAF9491C652B22006C4C78 /* FitCatUITests.xctest */ = {isa = PBXFileReference; explicitFileType = wrapper.cfbundle; includeInIndex = 0; path = FitCatUITests.xctest; sourceTree = BUILT_PRODUCTS_DIR; };
		6DDAF94D1C652B22006C4C78 /* FitCatUITests.swift */ = {isa = PBXFileReference; lastKnownFileType = sourcecode.swift; path = FitCatUITests.swift; sourceTree = "<group>"; };
		6DDAF94F1C652B22006C4C78 /* Info.plist */ = {isa = PBXFileReference; lastKnownFileType = text.plist.xml; path = Info.plist; sourceTree = "<group>"; };
/* End PBXFileReference section */

/* Begin PBXFrameworksBuildPhase section */
		6DDAF9251C652B21006C4C78 /* Frameworks */ = {
			isa = PBXFrameworksBuildPhase;
			buildActionMask = 2147483647;
			files = (
			);
			runOnlyForDeploymentPostprocessing = 0;
		};
		6DDAF93B1C652B22006C4C78 /* Frameworks */ = {
			isa = PBXFrameworksBuildPhase;
			buildActionMask = 2147483647;
			files = (
			);
			runOnlyForDeploymentPostprocessing = 0;
		};
		6DDAF9461C652B22006C4C78 /* Frameworks */ = {
			isa = PBXFrameworksBuildPhase;
			buildActionMask = 2147483647;
			files = (
			);
			runOnlyForDeploymentPostprocessing = 0;
		};
/* End PBXFrameworksBuildPhase section */

/* Begin PBXGroup section */
		6DDAF91F1C652B21006C4C78 = {
			isa = PBXGroup;
			children = (
				6DDAF92A1C652B22006C4C78 /* FitCat */,
				6DDAF9411C652B22006C4C78 /* FitCatTests */,
				6DDAF94C1C652B22006C4C78 /* FitCatUITests */,
				6DDAF9291C652B21006C4C78 /* Products */,
			);
			sourceTree = "<group>";
		};
		6DDAF9291C652B21006C4C78 /* Products */ = {
			isa = PBXGroup;
			children = (
				6DDAF9281C652B21006C4C78 /* FitCat.app */,
				6DDAF93E1C652B22006C4C78 /* FitCatTests.xctest */,
				6DDAF9491C652B22006C4C78 /* FitCatUITests.xctest */,
			);
			name = Products;
			sourceTree = "<group>";
		};
		6DDAF92A1C652B22006C4C78 /* FitCat */ = {
			isa = PBXGroup;
			children = (
				6DDAF92B1C652B22006C4C78 /* AppDelegate.swift */,
				6D533C561C657E71008C338A /* morning-coffee-40-photos-7.jpg */,
				6D533C541C657BD5008C338A /* Default@2x.png */,
				6D533C581C667141008C338A /* facbooklogin.png */,
				6DDAF9311C652B22006C4C78 /* Main.storyboard */,
				6DDAF9341C652B22006C4C78 /* Assets.xcassets */,
				6DDAF9361C652B22006C4C78 /* LaunchScreen.storyboard */,
				6DDAF9391C652B22006C4C78 /* Info.plist */,
			);
			path = FitCat;
			sourceTree = "<group>";
		};
		6DDAF9411C652B22006C4C78 /* FitCatTests */ = {
			isa = PBXGroup;
			children = (
				6DDAF9421C652B22006C4C78 /* FitCatTests.swift */,
				6DDAF9441C652B22006C4C78 /* Info.plist */,
			);
			path = FitCatTests;
			sourceTree = "<group>";
		};
		6DDAF94C1C652B22006C4C78 /* FitCatUITests */ = {
			isa = PBXGroup;
			children = (
				6DDAF94D1C652B22006C4C78 /* FitCatUITests.swift */,
				6DDAF94F1C652B22006C4C78 /* Info.plist */,
			);
			path = FitCatUITests;
			sourceTree = "<group>";
		};
/* End PBXGroup section */

/* Begin PBXNativeTarget section */
		6DDAF9271C652B21006C4C78 /* FitCat */ = {
			isa = PBXNativeTarget;
			buildConfigurationList = 6DDAF9521C652B22006C4C78 /* Build configuration list for PBXNativeTarget "FitCat" */;
			buildPhases = (
				6DDAF9241C652B21006C4C78 /* Sources */,
				6DDAF9251C652B21006C4C78 /* Frameworks */,
				6DDAF9261C652B21006C4C78 /* Resources */,
			);
			buildRules = (
			);
			dependencies = (
			);
			name = FitCat;
			productName = FitCat;
			productReference = 6DDAF9281C652B21006C4C78 /* FitCat.app */;
			productType = "com.apple.product-type.application";
		};
		6DDAF93D1C652B22006C4C78 /* FitCatTests */ = {
			isa = PBXNativeTarget;
			buildConfigurationList = 6DDAF9551C652B22006C4C78 /* Build configuration list for PBXNativeTarget "FitCatTests" */;
			buildPhases = (
				6DDAF93A1C652B22006C4C78 /* Sources */,
				6DDAF93B1C652B22006C4C78 /* Frameworks */,
				6DDAF93C1C652B22006C4C78 /* Resources */,
			);
			buildRules = (
			);
			dependencies = (
				6DDAF9401C652B22006C4C78 /* PBXTargetDependency */,
			);
			name = FitCatTests;
			productName = FitCatTests;
			productReference = 6DDAF93E1C652B22006C4C78 /* FitCatTests.xctest */;
			productType = "com.apple.product-type.bundle.unit-test";
		};
		6DDAF9481C652B22006C4C78 /* FitCatUITests */ = {
			isa = PBXNativeTarget;
			buildConfigurationList = 6DDAF9581C652B22006C4C78 /* Build configuration list for PBXNativeTarget "FitCatUITests" */;
			buildPhases = (
				6DDAF9451C652B22006C4C78 /* Sources */,
				6DDAF9461C652B22006C4C78 /* Frameworks */,
				6DDAF9471C652B22006C4C78 /* Resources */,
			);
			buildRules = (
			);
			dependencies = (
				6DDAF94B1C652B22006C4C78 /* PBXTargetDependency */,
			);
			name = FitCatUITests;
			productName = FitCatUITests;
			productReference = 6DDAF9491C652B22006C4C78 /* FitCatUITests.xctest */;
			productType = "com.apple.product-type.bundle.ui-testing";
		};
/* End PBXNativeTarget section */

/* Begin PBXProject section */
		6DDAF9201C652B21006C4C78 /* Project object */ = {
			isa = PBXProject;
			attributes = {
				LastSwiftUpdateCheck = 0720;
				LastUpgradeCheck = 0720;
				ORGANIZATIONNAME = "Akshay Tata";
				TargetAttributes = {
					6DDAF9271C652B21006C4C78 = {
						CreatedOnToolsVersion = 7.2.1;
						DevelopmentTeam = 5XZD7M887W;
					};
					6DDAF93D1C652B22006C4C78 = {
						CreatedOnToolsVersion = 7.2.1;
						DevelopmentTeam = 5XZD7M887W;
						TestTargetID = 6DDAF9271C652B21006C4C78;
					};
					6DDAF9481C652B22006C4C78 = {
						CreatedOnToolsVersion = 7.2.1;
						DevelopmentTeam = 5XZD7M887W;
						TestTargetID = 6DDAF9271C652B21006C4C78;
					};
				};
			};
			buildConfigurationList = 6DDAF9231C652B21006C4C78 /* Build configuration list for PBXProject "FitCat" */;
			compatibilityVersion = "Xcode 3.2";
			developmentRegion = English;
			hasScannedForEncodings = 0;
			knownRegions = (
				en,
				Base,
			);
			mainGroup = 6DDAF91F1C652B21006C4C78;
			productRefGroup = 6DDAF9291C652B21006C4C78 /* Products */;
			projectDirPath = "";
			projectRoot = "";
			targets = (
				6DDAF9271C652B21006C4C78 /* FitCat */,
				6DDAF93D1C652B22006C4C78 /* FitCatTests */,
				6DDAF9481C652B22006C4C78 /* FitCatUITests */,
			);
		};
/* End PBXProject section */

/* Begin PBXResourcesBuildPhase section */
		6DDAF9261C652B21006C4C78 /* Resources */ = {
			isa = PBXResourcesBuildPhase;
			buildActionMask = 2147483647;
			files = (
				6D533C551C657BD5008C338A /* Default@2x.png in Resources */,
				6D533C591C667141008C338A /* facbooklogin.png in Resources */,
				6D533C571C657E71008C338A /* morning-coffee-40-photos-7.jpg in Resources */,
				6DDAF9381C652B22006C4C78 /* LaunchScreen.storyboard in Resources */,
				6DDAF9351C652B22006C4C78 /* Assets.xcassets in Resources */,
				6DDAF9331C652B22006C4C78 /* Main.storyboard in Resources */,
			);
			runOnlyForDeploymentPostprocessing = 0;
		};
		6DDAF93C1C652B22006C4C78 /* Resources */ = {
			isa = PBXResourcesBuildPhase;
			buildActionMask = 2147483647;
			files = (
			);
			runOnlyForDeploymentPostprocessing = 0;
		};
		6DDAF9471C652B22006C4C78 /* Resources */ = {
			isa = PBXResourcesBuildPhase;
			buildActionMask = 2147483647;
			files = (
			);
			runOnlyForDeploymentPostprocessing = 0;
		};
/* End PBXResourcesBuildPhase section */

/* Begin PBXSourcesBuildPhase section */
		6DDAF9241C652B21006C4C78 /* Sources */ = {
			isa = PBXSourcesBuildPhase;
			buildActionMask = 2147483647;
			files = (
				6DDAF92C1C652B22006C4C78 /* AppDelegate.swift in Sources */,
			);
			runOnlyForDeploymentPostprocessing = 0;
		};
		6DDAF93A1C652B22006C4C78 /* Sources */ = {
			isa = PBXSourcesBuildPhase;
			buildActionMask = 2147483647;
			files = (
				6DDAF9431C652B22006C4C78 /* FitCatTests.swift in Sources */,
			);
			runOnlyForDeploymentPostprocessing = 0;
		};
		6DDAF9451C652B22006C4C78 /* Sources */ = {
			isa = PBXSourcesBuildPhase;
			buildActionMask = 2147483647;
			files = (
				6DDAF94E1C652B22006C4C78 /* FitCatUITests.swift in Sources */,
			);
			runOnlyForDeploymentPostprocessing = 0;
		};
/* End PBXSourcesBuildPhase section */

/* Begin PBXTargetDependency section */
		6DDAF9401C652B22006C4C78 /* PBXTargetDependency */ = {
			isa = PBXTargetDependency;
			target = 6DDAF9271C652B21006C4C78 /* FitCat */;
			targetProxy = 6DDAF93F1C652B22006C4C78 /* PBXContainerItemProxy */;
		};
		6DDAF94B1C652B22006C4C78 /* PBXTargetDependency */ = {
			isa = PBXTargetDependency;
			target = 6DDAF9271C652B21006C4C78 /* FitCat */;
			targetProxy = 6DDAF94A1C652B22006C4C78 /* PBXContainerItemProxy */;
		};
/* End PBXTargetDependency section */

/* Begin PBXVariantGroup section */
		6DDAF9311C652B22006C4C78 /* Main.storyboard */ = {
			isa = PBXVariantGroup;
			children = (
				6DDAF9321C652B22006C4C78 /* Base */,
			);
			name = Main.storyboard;
			sourceTree = "<group>";
		};
		6DDAF9361C652B22006C4C78 /* LaunchScreen.storyboard */ = {
			isa = PBXVariantGroup;
			children = (
				6DDAF9371C652B22006C4C78 /* Base */,
			);
			name = LaunchScreen.storyboard;
			sourceTree = "<group>";
		};
/* End PBXVariantGroup section */

/* Begin XCBuildConfiguration section */
		6DDAF9501C652B22006C4C78 /* Debug */ = {
			isa = XCBuildConfiguration;
			buildSettings = {
				ALWAYS_SEARCH_USER_PATHS = NO;
				CLANG_CXX_LANGUAGE_STANDARD = "gnu++0x";
				CLANG_CXX_LIBRARY = "libc++";
				CLANG_ENABLE_MODULES = YES;
				CLANG_ENABLE_OBJC_ARC = YES;
				CLANG_WARN_BOOL_CONVERSION = YES;
				CLANG_WARN_CONSTANT_CONVERSION = YES;
				CLANG_WARN_DIRECT_OBJC_ISA_USAGE = YES_ERROR;
				CLANG_WARN_EMPTY_BODY = YES;
				CLANG_WARN_ENUM_CONVERSION = YES;
				CLANG_WARN_INT_CONVERSION = YES;
				CLANG_WARN_OBJC_ROOT_CLASS = YES_ERROR;
				CLANG_WARN_UNREACHABLE_CODE = YES;
				CLANG_WARN__DUPLICATE_METHOD_MATCH = YES;
				"CODE_SIGN_IDENTITY[sdk=iphoneos*]" = "iPhone Developer";
				COPY_PHASE_STRIP = NO;
				DEBUG_INFORMATION_FORMAT = dwarf;
				ENABLE_STRICT_OBJC_MSGSEND = YES;
				ENABLE_TESTABILITY = YES;
				GCC_C_LANGUAGE_STANDARD = gnu99;
				GCC_DYNAMIC_NO_PIC = NO;
				GCC_NO_COMMON_BLOCKS = YES;
				GCC_OPTIMIZATION_LEVEL = 0;
				GCC_PREPROCESSOR_DEFINITIONS = (
					"DEBUG=1",
					"$(inherited)",
				);
				GCC_WARN_64_TO_32_BIT_CONVERSION = YES;
				GCC_WARN_ABOUT_RETURN_TYPE = YES_ERROR;
				GCC_WARN_UNDECLARED_SELECTOR = YES;
				GCC_WARN_UNINITIALIZED_AUTOS = YES_AGGRESSIVE;
				GCC_WARN_UNUSED_FUNCTION = YES;
				GCC_WARN_UNUSED_VARIABLE = YES;
				IPHONEOS_DEPLOYMENT_TARGET = 9.2;
				MTL_ENABLE_DEBUG_INFO = YES;
				ONLY_ACTIVE_ARCH = YES;
				SDKROOT = iphoneos;
				SWIFT_OPTIMIZATION_LEVEL = "-Onone";
			};
			name = Debug;
		};
		6DDAF9511C652B22006C4C78 /* Release */ = {
			isa = XCBuildConfiguration;
			buildSettings = {
				ALWAYS_SEARCH_USER_PATHS = NO;
				CLANG_CXX_LANGUAGE_STANDARD = "gnu++0x";
				CLANG_CXX_LIBRARY = "libc++";
				CLANG_ENABLE_MODULES = YES;
				CLANG_ENABLE_OBJC_ARC = YES;
				CLANG_WARN_BOOL_CONVERSION = YES;
				CLANG_WARN_CONSTANT_CONVERSION = YES;
				CLANG_WARN_DIRECT_OBJC_ISA_USAGE = YES_ERROR;
				CLANG_WARN_EMPTY_BODY = YES;
				CLANG_WARN_ENUM_CONVERSION = YES;
				CLANG_WARN_INT_CONVERSION = YES;
				CLANG_WARN_OBJC_ROOT_CLASS = YES_ERROR;
				CLANG_WARN_UNREACHABLE_CODE = YES;
				CLANG_WARN__DUPLICATE_METHOD_MATCH = YES;
				"CODE_SIGN_IDENTITY[sdk=iphoneos*]" = "iPhone Developer";
				COPY_PHASE_STRIP = NO;
				DEBUG_INFORMATION_FORMAT = "dwarf-with-dsym";
				ENABLE_NS_ASSERTIONS = NO;
				ENABLE_STRICT_OBJC_MSGSEND = YES;
				GCC_C_LANGUAGE_STANDARD = gnu99;
				GCC_NO_COMMON_BLOCKS = YES;
				GCC_WARN_64_TO_32_BIT_CONVERSION = YES;
				GCC_WARN_ABOUT_RETURN_TYPE = YES_ERROR;
				GCC_WARN_UNDECLARED_SELECTOR = YES;
				GCC_WARN_UNINITIALIZED_AUTOS = YES_AGGRESSIVE;
				GCC_WARN_UNUSED_FUNCTION = YES;
				GCC_WARN_UNUSED_VARIABLE = YES;
				IPHONEOS_DEPLOYMENT_TARGET = 9.2;
				MTL_ENABLE_DEBUG_INFO = NO;
				SDKROOT = iphoneos;
				VALIDATE_PRODUCT = YES;
			};
			name = Release;
		};
		6DDAF9531C652B22006C4C78 /* Debug */ = {
			isa = XCBuildConfiguration;
			buildSettings = {
				ASSETCATALOG_COMPILER_APPICON_NAME = AppIcon;
				INFOPLIST_FILE = FitCat/Info.plist;
				LD_RUNPATH_SEARCH_PATHS = "$(inherited) @executable_path/Frameworks";
				PRODUCT_BUNDLE_IDENTIFIER = edu.cornell.FelineHealth.FitCat;
				PRODUCT_NAME = "$(TARGET_NAME)";
			};
			name = Debug;
		};
		6DDAF9541C652B22006C4C78 /* Release */ = {
			isa = XCBuildConfiguration;
			buildSettings = {
				ASSETCATALOG_COMPILER_APPICON_NAME = AppIcon;
				INFOPLIST_FILE = FitCat/Info.plist;
				LD_RUNPATH_SEARCH_PATHS = "$(inherited) @executable_path/Frameworks";
				PRODUCT_BUNDLE_IDENTIFIER = edu.cornell.FelineHealth.FitCat;
				PRODUCT_NAME = "$(TARGET_NAME)";
			};
			name = Release;
		};
		6DDAF9561C652B22006C4C78 /* Debug */ = {
			isa = XCBuildConfiguration;
			buildSettings = {
				BUNDLE_LOADER = "$(TEST_HOST)";
				INFOPLIST_FILE = FitCatTests/Info.plist;
				LD_RUNPATH_SEARCH_PATHS = "$(inherited) @executable_path/Frameworks @loader_path/Frameworks";
				PRODUCT_BUNDLE_IDENTIFIER = edu.cornell.FelineHealth.FitCatTests;
				PRODUCT_NAME = "$(TARGET_NAME)";
				TEST_HOST = "$(BUILT_PRODUCTS_DIR)/FitCat.app/FitCat";
			};
			name = Debug;
		};
		6DDAF9571C652B22006C4C78 /* Release */ = {
			isa = XCBuildConfiguration;
			buildSettings = {
				BUNDLE_LOADER = "$(TEST_HOST)";
				INFOPLIST_FILE = FitCatTests/Info.plist;
				LD_RUNPATH_SEARCH_PATHS = "$(inherited) @executable_path/Frameworks @loader_path/Frameworks";
				PRODUCT_BUNDLE_IDENTIFIER = edu.cornell.FelineHealth.FitCatTests;
				PRODUCT_NAME = "$(TARGET_NAME)";
				TEST_HOST = "$(BUILT_PRODUCTS_DIR)/FitCat.app/FitCat";
			};
			name = Release;
		};
		6DDAF9591C652B22006C4C78 /* Debug */ = {
			isa = XCBuildConfiguration;
			buildSettings = {
				INFOPLIST_FILE = FitCatUITests/Info.plist;
				LD_RUNPATH_SEARCH_PATHS = "$(inherited) @executable_path/Frameworks @loader_path/Frameworks";
				PRODUCT_BUNDLE_IDENTIFIER = edu.cornell.FelineHealth.FitCatUITests;
				PRODUCT_NAME = "$(TARGET_NAME)";
				TEST_TARGET_NAME = FitCat;
				USES_XCTRUNNER = YES;
			};
			name = Debug;
		};
		6DDAF95A1C652B22006C4C78 /* Release */ = {
			isa = XCBuildConfiguration;
			buildSettings = {
				INFOPLIST_FILE = FitCatUITests/Info.plist;
				LD_RUNPATH_SEARCH_PATHS = "$(inherited) @executable_path/Frameworks @loader_path/Frameworks";
				PRODUCT_BUNDLE_IDENTIFIER = edu.cornell.FelineHealth.FitCatUITests;
				PRODUCT_NAME = "$(TARGET_NAME)";
				TEST_TARGET_NAME = FitCat;
				USES_XCTRUNNER = YES;
			};
			name = Release;
		};
/* End XCBuildConfiguration section */

/* Begin XCConfigurationList section */
		6DDAF9231C652B21006C4C78 /* Build configuration list for PBXProject "FitCat" */ = {
			isa = XCConfigurationList;
			buildConfigurations = (
				6DDAF9501C652B22006C4C78 /* Debug */,
				6DDAF9511C652B22006C4C78 /* Release */,
			);
			defaultConfigurationIsVisible = 0;
			defaultConfigurationName = Release;
		};
		6DDAF9521C652B22006C4C78 /* Build configuration list for PBXNativeTarget "FitCat" */ = {
			isa = XCConfigurationList;
			buildConfigurations = (
				6DDAF9531C652B22006C4C78 /* Debug */,
				6DDAF9541C652B22006C4C78 /* Release */,
			);
			defaultConfigurationIsVisible = 0;
			defaultConfigurationName = Release;
		};
		6DDAF9551C652B22006C4C78 /* Build configuration list for PBXNativeTarget "FitCatTests" */ = {
			isa = XCConfigurationList;
			buildConfigurations = (
				6DDAF9561C652B22006C4C78 /* Debug */,
				6DDAF9571C652B22006C4C78 /* Release */,
			);
			defaultConfigurationIsVisible = 0;
			defaultConfigurationName = Release;
		};
		6DDAF9581C652B22006C4C78 /* Build configuration list for PBXNativeTarget "FitCatUITests" */ = {
			isa = XCConfigurationList;
			buildConfigurations = (
				6DDAF9591C652B22006C4C78 /* Debug */,
				6DDAF95A1C652B22006C4C78 /* Release */,
			);
			defaultConfigurationIsVisible = 0;
			defaultConfigurationName = Release;
		};
/* End XCConfigurationList section */
	};
	rootObject = 6DDAF9201C652B21006C4C78 /* Project object */;
}
